
Microsoft Visual Studio Solution File, Format Version 12.00
# Visual Studio Version 17
VisualStudioVersion = 17.9.34728.123
MinimumVisualStudioVersion = 10.0.40219.1
Project("{9A19103F-16F7-4668-BE54-9A1E7A4F7556}") = "WebClient", "WebClient.csproj", "{1215247F-442E-4DE5-9A5D-32C840D73766}"
EndProject
Global
	GlobalSection(SolutionConfigurationPlatforms) = preSolution
		Debug|Any CPU = Debug|Any CPU
		Release|Any CPU = Release|Any CPU
	EndGlobalSection
	GlobalSection(ProjectConfigurationPlatforms) = postSolution
		{1215247F-442E-4DE5-9A5D-32C840D73766}.Debug|Any CPU.ActiveCfg = Debug|Any CPU
		{1215247F-442E-4DE5-9A5D-32C840D73766}.Debug|Any CPU.Build.0 = Debug|Any CPU
		{1215247F-442E-4DE5-9A5D-32C840D73766}.Release|Any CPU.ActiveCfg = Release|Any CPU
		{1215247F-442E-4DE5-9A5D-32C840D73766}.Release|Any CPU.Build.0 = Release|Any CPU
	EndGlobalSection
	GlobalSection(SolutionProperties) = preSolution
		HideSolutionNode = FALSE
	EndGlobalSection
	GlobalSection(ExtensibilityGlobals) = postSolution
		SolutionGuid = {36010FF7-466D-4810-9495-2B42021DDB04}
	EndGlobalSection
EndGlobal
